github.com/go-redis/redis v6.15.5+incompatible h1:pLky8I0rgiblWfa8C1EV7fPEUv0aH6vKRaYHc/YRHVk=
github.com/go-redis/redis v6.15.5+incompatible/go.mod h1:NAIEuMOZ/fxfXJIrKDQDz8wamY7mA7PouImQ2Jvg6kA=
github.com/shopspring/decimal v0.0.0-20190905144223-a36b5d85f337 h1:Da9XEUfFxgyDOqUfwgoTDcWzmnlOnCGi6i4iPS+8Fbw=
github.com/shopspring/decimal v0.0.0-20190905144223-a36b5d85f337/go.mod h1:M+9NzErvs504Cn4c5DxATwIqPbtswREoFCre64PpcG4=
github.com/vadiminshakov/exmo v0.0.0-20190928222548-943dde259e80 h1:Ebsjvjf8yUFDhYbPnWvktmGNohlLYlY5JPu6sBwq9x8=
github.com/vadiminshakov/exmo v0.0.0-20190928222548-943dde259e80/go.mod h1:inz3UwZqwZvc56T+FhilWLpHQrtq8hvhZ0UCjIfM9j0=
github.com/vadiminshakov/exmo v0.0.0-20191005120510-87ea41134268 h1:Tcmmo+jnVPZrSinzVj4FQSF2ewLY2Urnh7hl/D+mV8A=
github.com/vadiminshakov/exmo v0.0.0-20191005120510-87ea41134268/go.mod h1:inz3UwZqwZvc56T+FhilWLpHQrtq8hvhZ0UCjIfM9j0=
github.com/vadiminshakov/exmo v0.0.0-20191005123439-9222feb31125 h1:Td9orxrXIfSt3L97IaD/8Nf04Iws+iku1PtMR7tI+oE=
github.com/vadiminshakov/exmo v0.0.0-20191005123439-9222feb31125/go.mod h1:inz3UwZqwZvc56T+FhilWLpHQrtq8hvhZ0UCjIfM9j0=
github.com/vadiminshakov/exmo v0.0.0-20191005123835-d752322786ea h1:Eilx13eZKLPbwfk+EBxpjY3nc3IWbSoncJ0h3o7XBZc=
github.com/vadiminshakov/exmo v0.0.0-20191005123835-d752322786ea/go.mod h1:inz3UwZqwZvc56T+FhilWLpHQrtq8hvhZ0UCjIfM9j0=
github.com/vadiminshakov/exmo v0.0.0-20191005130120-7382c2afdd97 h1:tVVMDX9d5gCRMJ+u6WPfaI7bcFPLY2juhd+R2fuePwI=
github.com/vadiminshakov/exmo v0.0.0-20191005130120-7382c2afdd97/go.mod h1:inz3UwZqwZvc56T+FhilWLpHQrtq8hvhZ0UCjIfM9j0=
github.com/vadiminshakov/exmo v0.0.0-20191005131127-ec3eba33e175 h1:vS5uoq8Kg8LOa0JwqT1xafF3Fumc+/cNDLqSB6CUb2A=
github.com/vadiminshakov/exmo v0.0.0-20191005131127-ec3eba33e175/go.mod h1:inz3UwZqwZvc56T+FhilWLpHQrtq8hvhZ0UCjIfM9j0=
gopkg.in/check.v1 v0.0.0-20161208181325-20d25e280405/go.mod h1:Co6ibVJAznAaIkqp8huTwlJQCZ016jof/cbN4VW5Yz0=
gopkg.in/check.v1 v1.0.0-20190902080502-41f04d3bba15/go.mod h1:Co6ibVJAznAaIkqp8huTwlJQCZ016jof/cbN4VW5Yz0=
gopkg.in/yaml.v2 v2.2.2 h1:ZCJp+EgiOT7lHqUV2J862kp8Qj64Jo6az82+3Td9dZw=
gopkg.in/yaml.v2 v2.2.2/go.mod h1:hI93XBmqTisBFMUTm0b8Fm+jr3Dg1NNxqwp+5A1VGuI=
gopkg.in/yaml.v2 v2.2.4 h1:/eiJrUcujPVeJ3xlSWaiNi3uSVmDGBK1pDHUHAnao1I=
gopkg.in/yaml.v2 v2.2.4/go.mod h1:hI93XBmqTisBFMUTm0b8Fm+jr3Dg1NNxqwp+5A1VGuI=
